
Microsoft Visual Studio Solution File, Format Version 12.00
# Visual Studio Version 16
VisualStudioVersion = 16.0.29613.14
MinimumVisualStudioVersion = 10.0.40219.1
Project("{FAE04EC0-301F-11D3-BF4B-00C04F79EFBC}") = "azurlane-wiki-app", "azurlane-wiki-app\azurlane-wiki-app.csproj", "{94CE60A8-D02F-490D-8065-5B5B73964050}"
EndProject
Global
	GlobalSection(SolutionConfigurationPlatforms) = preSolution
		Debug|Any CPU = Debug|Any CPU
		Release|Any CPU = Release|Any CPU
	EndGlobalSection
	GlobalSection(ProjectConfigurationPlatforms) = postSolution
		{94CE60A8-D02F-490D-8065-5B5B73964050}.Debug|Any CPU.ActiveCfg = Debug|Any CPU
		{94CE60A8-D02F-490D-8065-5B5B73964050}.Debug|Any CPU.Build.0 = Debug|Any CPU
		{94CE60A8-D02F-490D-8065-5B5B73964050}.Release|Any CPU.ActiveCfg = Release|Any CPU
		{94CE60A8-D02F-490D-8065-5B5B73964050}.Release|Any CPU.Build.0 = Release|Any CPU
	EndGlobalSection
	GlobalSection(SolutionProperties) = preSolution
		HideSolutionNode = FALSE
	EndGlobalSection
	GlobalSection(ExtensibilityGlobals) = postSolution
		SolutionGuid = {0541C9F9-BEAD-426D-8070-A3A0C29374E8}
	EndGlobalSection
EndGlobal
